
Microsoft Visual Studio Solution File, Format Version 12.00
# Visual Studio Version 17
VisualStudioVersion = 17.1.32319.34
MinimumVisualStudioVersion = 10.0.40219.1
Project("{FAE04EC0-301F-11D3-BF4B-00C04F79EFBC}") = "KitapKutuphanesi", "KitapKutuphanesi\KitapKutuphanesi.csproj", "{776221DA-A603-47FC-B1BA-AA103FD90425}"
EndProject
Global
	GlobalSection(SolutionConfigurationPlatforms) = preSolution
		Debug|Any CPU = Debug|Any CPU
		Release|Any CPU = Release|Any CPU
	EndGlobalSection
	GlobalSection(ProjectConfigurationPlatforms) = postSolution
		{776221DA-A603-47FC-B1BA-AA103FD90425}.Debug|Any CPU.ActiveCfg = Debug|Any CPU
		{776221DA-A603-47FC-B1BA-AA103FD90425}.Debug|Any CPU.Build.0 = Debug|Any CPU
		{776221DA-A603-47FC-B1BA-AA103FD90425}.Release|Any CPU.ActiveCfg = Release|Any CPU
		{776221DA-A603-47FC-B1BA-AA103FD90425}.Release|Any CPU.Build.0 = Release|Any CPU
	EndGlobalSection
	GlobalSection(SolutionProperties) = preSolution
		HideSolutionNode = FALSE
	EndGlobalSection
	GlobalSection(ExtensibilityGlobals) = postSolution
		SolutionGuid = {CDEAB593-CEE0-4D68-BCC7-DE4C9C47786C}
	EndGlobalSection
EndGlobal
